
Microsoft Visual Studio Solution File, Format Version 12.00
# Visual Studio Version 17
VisualStudioVersion = 17.7.34202.233
MinimumVisualStudioVersion = 10.0.40219.1
Project("{FAE04EC0-301F-11D3-BF4B-00C04F79EFBC}") = "Proyecto_Final", "Proyecto_Final\Proyecto_Final.csproj", "{26541752-A87A-499A-B3A2-D697FEBF43CA}"
EndProject
Global
	GlobalSection(SolutionConfigurationPlatforms) = preSolution
		Debug|Any CPU = Debug|Any CPU
		Release|Any CPU = Release|Any CPU
	EndGlobalSection
	GlobalSection(ProjectConfigurationPlatforms) = postSolution
		{26541752-A87A-499A-B3A2-D697FEBF43CA}.Debug|Any CPU.ActiveCfg = Debug|Any CPU
		{26541752-A87A-499A-B3A2-D697FEBF43CA}.Debug|Any CPU.Build.0 = Debug|Any CPU
		{26541752-A87A-499A-B3A2-D697FEBF43CA}.Release|Any CPU.ActiveCfg = Release|Any CPU
		{26541752-A87A-499A-B3A2-D697FEBF43CA}.Release|Any CPU.Build.0 = Release|Any CPU
	EndGlobalSection
	GlobalSection(SolutionProperties) = preSolution
		HideSolutionNode = FALSE
	EndGlobalSection
	GlobalSection(ExtensibilityGlobals) = postSolution
		SolutionGuid = {A30EC12A-D179-4FE8-B68E-917B4477B608}
	EndGlobalSection
EndGlobal
