
Microsoft Visual Studio Solution File, Format Version 12.00
# Visual Studio Version 17
VisualStudioVersion = 17.7.34202.233
MinimumVisualStudioVersion = 10.0.40219.1
Project("{FAE04EC0-301F-11D3-BF4B-00C04F79EFBC}") = "Proyecto_Final", "Proyecto_Final\Proyecto_Final.csproj", "{D703C0E3-49FB-49B3-A29D-A9170AF86350}"
EndProject
Global
	GlobalSection(SolutionConfigurationPlatforms) = preSolution
		Debug|Any CPU = Debug|Any CPU
		Release|Any CPU = Release|Any CPU
	EndGlobalSection
	GlobalSection(ProjectConfigurationPlatforms) = postSolution
		{D703C0E3-49FB-49B3-A29D-A9170AF86350}.Debug|Any CPU.ActiveCfg = Debug|Any CPU
		{D703C0E3-49FB-49B3-A29D-A9170AF86350}.Debug|Any CPU.Build.0 = Debug|Any CPU
		{D703C0E3-49FB-49B3-A29D-A9170AF86350}.Release|Any CPU.ActiveCfg = Release|Any CPU
		{D703C0E3-49FB-49B3-A29D-A9170AF86350}.Release|Any CPU.Build.0 = Release|Any CPU
	EndGlobalSection
	GlobalSection(SolutionProperties) = preSolution
		HideSolutionNode = FALSE
	EndGlobalSection
	GlobalSection(ExtensibilityGlobals) = postSolution
		SolutionGuid = {A492CDBC-F972-431B-B9FD-77FC152279A7}
	EndGlobalSection
EndGlobal
